
Microsoft Visual Studio Solution File, Format Version 12.00
Project("{FAE04EC0-301F-11D3-BF4B-00C04F79EFBC}") = "ApplicationCore", "ApplicationCore\ApplicationCore.csproj", "{7FFAEFCF-B994-427A-B471-9EF00FFC9AF5}"
EndProject
Project("{FAE04EC0-301F-11D3-BF4B-00C04F79EFBC}") = "DataAccess", "DataAccess\DataAccess.csproj", "{6011B59D-0715-4247-978D-2DF4D7DD5506}"
EndProject
Project("{2150E333-8FDC-42A3-9474-1A3956D46DE8}") = "Tests", "Tests", "{94E465BE-C080-4FCA-8B70-11A4EDAFAE7E}"
EndProject
Project("{FAE04EC0-301F-11D3-BF4B-00C04F79EFBC}") = "DataAccessTest", "DataAccessTest\DataAccessTest.csproj", "{40D8DAEA-E64C-4A5B-986C-BD83FB232E32}"
EndProject
Global
	GlobalSection(SolutionConfigurationPlatforms) = preSolution
		Debug|Any CPU = Debug|Any CPU
		Release|Any CPU = Release|Any CPU
	EndGlobalSection
	GlobalSection(ProjectConfigurationPlatforms) = postSolution
		{7FFAEFCF-B994-427A-B471-9EF00FFC9AF5}.Debug|Any CPU.ActiveCfg = Debug|Any CPU
		{7FFAEFCF-B994-427A-B471-9EF00FFC9AF5}.Debug|Any CPU.Build.0 = Debug|Any CPU
		{7FFAEFCF-B994-427A-B471-9EF00FFC9AF5}.Release|Any CPU.ActiveCfg = Release|Any CPU
		{7FFAEFCF-B994-427A-B471-9EF00FFC9AF5}.Release|Any CPU.Build.0 = Release|Any CPU
		{6011B59D-0715-4247-978D-2DF4D7DD5506}.Debug|Any CPU.ActiveCfg = Debug|Any CPU
		{6011B59D-0715-4247-978D-2DF4D7DD5506}.Debug|Any CPU.Build.0 = Debug|Any CPU
		{6011B59D-0715-4247-978D-2DF4D7DD5506}.Release|Any CPU.ActiveCfg = Release|Any CPU
		{6011B59D-0715-4247-978D-2DF4D7DD5506}.Release|Any CPU.Build.0 = Release|Any CPU
		{40D8DAEA-E64C-4A5B-986C-BD83FB232E32}.Debug|Any CPU.ActiveCfg = Debug|Any CPU
		{40D8DAEA-E64C-4A5B-986C-BD83FB232E32}.Debug|Any CPU.Build.0 = Debug|Any CPU
		{40D8DAEA-E64C-4A5B-986C-BD83FB232E32}.Release|Any CPU.ActiveCfg = Release|Any CPU
		{40D8DAEA-E64C-4A5B-986C-BD83FB232E32}.Release|Any CPU.Build.0 = Release|Any CPU
	EndGlobalSection
	GlobalSection(NestedProjects) = preSolution
		{40D8DAEA-E64C-4A5B-986C-BD83FB232E32} = {94E465BE-C080-4FCA-8B70-11A4EDAFAE7E}
	EndGlobalSection
EndGlobal
